// !$*UTF8*$!
{
	archiveVersion = 1;
	classes = {
	};
	objectVersion = 52;
	objects = {

/* Begin PBXBuildFile section */
		654F39D22602640300F4C726 /* config.json in Resources */ = {isa = PBXBuildFile; fileRef = 654F39D12602640300F4C726 /* config.json */; };
		655643E425F2414700878AD9 /* swiftApkSignerTest.swift in Sources */ = {isa = PBXBuildFile; fileRef = 655643E325F2414700878AD9 /* swiftApkSignerTest.swift */; };
		656AF5F72603989D001477D3 /* apkSignerDtagXcode.sh in Resources */ = {isa = PBXBuildFile; fileRef = 656AF5F52603989D001477D3 /* apkSignerDtagXcode.sh */; };
		656AF5F82603989D001477D3 /* readingAndroidManifest.sh in Resources */ = {isa = PBXBuildFile; fileRef = 656AF5F62603989D001477D3 /* readingAndroidManifest.sh */; };
		656B24A025F913F800685CB5 /* Preparation.swift in Sources */ = {isa = PBXBuildFile; fileRef = 656B249F25F913F800685CB5 /* Preparation.swift */; };
		656B24A825F92A1400685CB5 /* FileHandler.swift in Sources */ = {isa = PBXBuildFile; fileRef = 656B24A725F92A1400685CB5 /* FileHandler.swift */; };
		65EDFB7A25E3CFC4006D10D5 /* main.swift in Sources */ = {isa = PBXBuildFile; fileRef = 65EDFB7925E3CFC4006D10D5 /* main.swift */; };
		65EDFB8725E3DDDC006D10D5 /* SwiftShell in Frameworks */ = {isa = PBXBuildFile; productRef = 65EDFB8625E3DDDC006D10D5 /* SwiftShell */; };
		CB98FCF92600FB3500A9EE2E /* FileHandler.swift in Sources */ = {isa = PBXBuildFile; fileRef = 656B24A725F92A1400685CB5 /* FileHandler.swift */; };
		CB98FD042600FB7B00A9EE2E /* main.swift in Sources */ = {isa = PBXBuildFile; fileRef = 65EDFB7925E3CFC4006D10D5 /* main.swift */; };
		CB98FD072600FB9000A9EE2E /* Preparation.swift in Sources */ = {isa = PBXBuildFile; fileRef = 656B249F25F913F800685CB5 /* Preparation.swift */; };
		CB98FD152600FBCC00A9EE2E /* SwiftShell in Frameworks */ = {isa = PBXBuildFile; productRef = CB98FD142600FBCC00A9EE2E /* SwiftShell */; };
/* End PBXBuildFile section */

/* Begin PBXCopyFilesBuildPhase section */
		65EDFB7425E3CFC4006D10D5 /* CopyFiles */ = {
			isa = PBXCopyFilesBuildPhase;
			buildActionMask = 2147483647;
			dstPath = /usr/share/man/man1/;
			dstSubfolderSpec = 0;
			files = (
			);
			runOnlyForDeploymentPostprocessing = 1;
		};
/* End PBXCopyFilesBuildPhase section */

/* Begin PBXFileReference section */
		654F39D12602640300F4C726 /* config.json */ = {isa = PBXFileReference; lastKnownFileType = text.json; path = config.json; sourceTree = "<group>"; };
		655643E125F2414700878AD9 /* swiftApkSignerTest.xctest */ = {isa = PBXFileReference; explicitFileType = wrapper.cfbundle; includeInIndex = 0; path = swiftApkSignerTest.xctest; sourceTree = BUILT_PRODUCTS_DIR; };
		655643E325F2414700878AD9 /* swiftApkSignerTest.swift */ = {isa = PBXFileReference; lastKnownFileType = sourcecode.swift; path = swiftApkSignerTest.swift; sourceTree = "<group>"; };
		655643E525F2414700878AD9 /* Info.plist */ = {isa = PBXFileReference; lastKnownFileType = text.plist.xml; path = Info.plist; sourceTree = "<group>"; };
		656AF5F52603989D001477D3 /* apkSignerDtagXcode.sh */ = {isa = PBXFileReference; fileEncoding = 4; lastKnownFileType = text.script.sh; path = apkSignerDtagXcode.sh; sourceTree = "<group>"; };
		656AF5F62603989D001477D3 /* readingAndroidManifest.sh */ = {isa = PBXFileReference; fileEncoding = 4; lastKnownFileType = text.script.sh; path = readingAndroidManifest.sh; sourceTree = "<group>"; };
		656B249F25F913F800685CB5 /* Preparation.swift */ = {isa = PBXFileReference; lastKnownFileType = sourcecode.swift; path = Preparation.swift; sourceTree = "<group>"; };
		656B24A725F92A1400685CB5 /* FileHandler.swift */ = {isa = PBXFileReference; lastKnownFileType = sourcecode.swift; path = FileHandler.swift; sourceTree = "<group>"; };
		65EDFB7625E3CFC4006D10D5 /* swiftApkSigner */ = {isa = PBXFileReference; explicitFileType = "compiled.mach-o.executable"; includeInIndex = 0; path = swiftApkSigner; sourceTree = BUILT_PRODUCTS_DIR; };
		65EDFB7925E3CFC4006D10D5 /* main.swift */ = {isa = PBXFileReference; lastKnownFileType = sourcecode.swift; path = main.swift; sourceTree = "<group>"; };
/* End PBXFileReference section */

/* Begin PBXFrameworksBuildPhase section */
		655643DE25F2414700878AD9 /* Frameworks */ = {
			isa = PBXFrameworksBuildPhase;
			buildActionMask = 2147483647;
			files = (
				CB98FD152600FBCC00A9EE2E /* SwiftShell in Frameworks */,
			);
			runOnlyForDeploymentPostprocessing = 0;
		};
		65EDFB7325E3CFC4006D10D5 /* Frameworks */ = {
			isa = PBXFrameworksBuildPhase;
			buildActionMask = 2147483647;
			files = (
				65EDFB8725E3DDDC006D10D5 /* SwiftShell in Frameworks */,
			);
			runOnlyForDeploymentPostprocessing = 0;
		};
/* End PBXFrameworksBuildPhase section */

/* Begin PBXGroup section */
		654F39D02602639000F4C726 /* fixtures */ = {
			isa = PBXGroup;
			children = (
				654F39D12602640300F4C726 /* config.json */,
			);
			path = fixtures;
			sourceTree = "<group>";
		};
		655643E225F2414700878AD9 /* swiftApkSignerTest */ = {
			isa = PBXGroup;
			children = (
				654F39D02602639000F4C726 /* fixtures */,
				655643E325F2414700878AD9 /* swiftApkSignerTest.swift */,
				655643E525F2414700878AD9 /* Info.plist */,
			);
			path = swiftApkSignerTest;
			sourceTree = "<group>";
		};
		65EDFB6D25E3CFC4006D10D5 = {
			isa = PBXGroup;
			children = (
				65EDFB7825E3CFC4006D10D5 /* swiftApkSigner */,
				655643E225F2414700878AD9 /* swiftApkSignerTest */,
				65EDFB7725E3CFC4006D10D5 /* Products */,
				CB98FD132600FBCC00A9EE2E /* Frameworks */,
			);
			sourceTree = "<group>";
		};
		65EDFB7725E3CFC4006D10D5 /* Products */ = {
			isa = PBXGroup;
			children = (
				65EDFB7625E3CFC4006D10D5 /* swiftApkSigner */,
				655643E125F2414700878AD9 /* swiftApkSignerTest.xctest */,
			);
			name = Products;
			sourceTree = "<group>";
		};
		65EDFB7825E3CFC4006D10D5 /* swiftApkSigner */ = {
			isa = PBXGroup;
			children = (
				65EDFB7925E3CFC4006D10D5 /* main.swift */,
				656B24A725F92A1400685CB5 /* FileHandler.swift */,
				656B249F25F913F800685CB5 /* Preparation.swift */,
				656AF5F52603989D001477D3 /* apkSignerDtagXcode.sh */,
				656AF5F62603989D001477D3 /* readingAndroidManifest.sh */,
			);
			path = swiftApkSigner;
			sourceTree = "<group>";
		};
		CB98FD132600FBCC00A9EE2E /* Frameworks */ = {
			isa = PBXGroup;
			children = (
			);
			name = Frameworks;
			sourceTree = "<group>";
		};
/* End PBXGroup section */

/* Begin PBXNativeTarget section */
		655643E025F2414700878AD9 /* swiftApkSignerTest */ = {
			isa = PBXNativeTarget;
			buildConfigurationList = 655643E625F2414700878AD9 /* Build configuration list for PBXNativeTarget "swiftApkSignerTest" */;
			buildPhases = (
				655643DD25F2414700878AD9 /* Sources */,
				655643DE25F2414700878AD9 /* Frameworks */,
				655643DF25F2414700878AD9 /* Resources */,
			);
			buildRules = (
			);
			dependencies = (
				CB98FD102600FBAC00A9EE2E /* PBXTargetDependency */,
			);
			name = swiftApkSignerTest;
			packageProductDependencies = (
				CB98FD142600FBCC00A9EE2E /* SwiftShell */,
			);
			productName = swiftApkSignerTest;
			productReference = 655643E125F2414700878AD9 /* swiftApkSignerTest.xctest */;
			productType = "com.apple.product-type.bundle.unit-test";
		};
		65EDFB7525E3CFC4006D10D5 /* swiftApkSigner */ = {
			isa = PBXNativeTarget;
			buildConfigurationList = 65EDFB7D25E3CFC4006D10D5 /* Build configuration list for PBXNativeTarget "swiftApkSigner" */;
			buildPhases = (
				65EDFB7225E3CFC4006D10D5 /* Sources */,
				65EDFB7325E3CFC4006D10D5 /* Frameworks */,
				65EDFB7425E3CFC4006D10D5 /* CopyFiles */,
			);
			buildRules = (
			);
			dependencies = (
			);
			name = swiftApkSigner;
			packageProductDependencies = (
				65EDFB8625E3DDDC006D10D5 /* SwiftShell */,
			);
			productName = swiftApkSigner;
			productReference = 65EDFB7625E3CFC4006D10D5 /* swiftApkSigner */;
			productType = "com.apple.product-type.tool";
		};
/* End PBXNativeTarget section */

/* Begin PBXProject section */
		65EDFB6E25E3CFC4006D10D5 /* Project object */ = {
			isa = PBXProject;
			attributes = {
				LastSwiftUpdateCheck = 1240;
				LastUpgradeCheck = 1240;
				TargetAttributes = {
					655643E025F2414700878AD9 = {
						CreatedOnToolsVersion = 12.4;
					};
					65EDFB7525E3CFC4006D10D5 = {
						CreatedOnToolsVersion = 12.4;
					};
				};
			};
			buildConfigurationList = 65EDFB7125E3CFC4006D10D5 /* Build configuration list for PBXProject "swiftApkSigner" */;
			compatibilityVersion = "Xcode 9.3";
			developmentRegion = en;
			hasScannedForEncodings = 0;
			knownRegions = (
				en,
				Base,
			);
			mainGroup = 65EDFB6D25E3CFC4006D10D5;
			packageReferences = (
				65EDFB8525E3DDDC006D10D5 /* XCRemoteSwiftPackageReference "SwiftShell" */,
			);
			productRefGroup = 65EDFB7725E3CFC4006D10D5 /* Products */;
			projectDirPath = "";
			projectRoot = "";
			targets = (
				65EDFB7525E3CFC4006D10D5 /* swiftApkSigner */,
				655643E025F2414700878AD9 /* swiftApkSignerTest */,
			);
		};
/* End PBXProject section */

/* Begin PBXResourcesBuildPhase section */
		655643DF25F2414700878AD9 /* Resources */ = {
			isa = PBXResourcesBuildPhase;
			buildActionMask = 2147483647;
			files = (
				656AF5F82603989D001477D3 /* readingAndroidManifest.sh in Resources */,
				654F39D22602640300F4C726 /* config.json in Resources */,
				656AF5F72603989D001477D3 /* apkSignerDtagXcode.sh in Resources */,
			);
			runOnlyForDeploymentPostprocessing = 0;
		};
/* End PBXResourcesBuildPhase section */

/* Begin PBXSourcesBuildPhase section */
		655643DD25F2414700878AD9 /* Sources */ = {
			isa = PBXSourcesBuildPhase;
			buildActionMask = 2147483647;
			files = (
				655643E425F2414700878AD9 /* swiftApkSignerTest.swift in Sources */,
				CB98FD072600FB9000A9EE2E /* Preparation.swift in Sources */,
				CB98FCF92600FB3500A9EE2E /* FileHandler.swift in Sources */,
				CB98FD042600FB7B00A9EE2E /* main.swift in Sources */,
			);
			runOnlyForDeploymentPostprocessing = 0;
		};
		65EDFB7225E3CFC4006D10D5 /* Sources */ = {
			isa = PBXSourcesBuildPhase;
			buildActionMask = 2147483647;
			files = (
				656B24A025F913F800685CB5 /* Preparation.swift in Sources */,
				656B24A825F92A1400685CB5 /* FileHandler.swift in Sources */,
				65EDFB7A25E3CFC4006D10D5 /* main.swift in Sources */,
			);
			runOnlyForDeploymentPostprocessing = 0;
		};
/* End PBXSourcesBuildPhase section */

/* Begin PBXTargetDependency section */
		CB98FD102600FBAC00A9EE2E /* PBXTargetDependency */ = {
			isa = PBXTargetDependency;
			productRef = CB98FD0F2600FBAC00A9EE2E /* SwiftShell */;
		};
/* End PBXTargetDependency section */

/* Begin XCBuildConfiguration section */
		655643E725F2414700878AD9 /* Debug */ = {
			isa = XCBuildConfiguration;
			buildSettings = {
				CODE_SIGN_STYLE = Automatic;
				COMBINE_HIDPI_IMAGES = YES;
				DEVELOPMENT_TEAM = VZVFUQTSQC;
				INFOPLIST_FILE = swiftApkSignerTest/Info.plist;
				LD_RUNPATH_SEARCH_PATHS = (
					"$(inherited)",
					"@executable_path/../Frameworks",
					"@loader_path/../Frameworks",
				);
				PRODUCT_BUNDLE_IDENTIFIER = "de.Deutsche-Telekom-AG.IHUB.swiftApkSignerTest";
				PRODUCT_NAME = "$(TARGET_NAME)";
				SWIFT_VERSION = 5.0;
			};
			name = Debug;
		};
		655643E825F2414700878AD9 /* Release */ = {
			isa = XCBuildConfiguration;
			buildSettings = {
				CODE_SIGN_STYLE = Automatic;
				COMBINE_HIDPI_IMAGES = YES;
				DEVELOPMENT_TEAM = VZVFUQTSQC;
				INFOPLIST_FILE = swiftApkSignerTest/Info.plist;
				LD_RUNPATH_SEARCH_PATHS = (
					"$(inherited)",
					"@executable_path/../Frameworks",
					"@loader_path/../Frameworks",
				);
				PRODUCT_BUNDLE_IDENTIFIER = "de.Deutsche-Telekom-AG.IHUB.swiftApkSignerTest";
				PRODUCT_NAME = "$(TARGET_NAME)";
				SWIFT_VERSION = 5.0;
			};
			name = Release;
		};
		65EDFB7B25E3CFC4006D10D5 /* Debug */ = {
			isa = XCBuildConfiguration;
			buildSettings = {
				ALWAYS_SEARCH_USER_PATHS = NO;
				CLANG_ANALYZER_NONNULL = YES;
				CLANG_ANALYZER_NUMBER_OBJECT_CONVERSION = YES_AGGRESSIVE;
				CLANG_CXX_LANGUAGE_STANDARD = "gnu++14";
				CLANG_CXX_LIBRARY = "libc++";
				CLANG_ENABLE_MODULES = YES;
				CLANG_ENABLE_OBJC_ARC = YES;
				CLANG_ENABLE_OBJC_WEAK = YES;
				CLANG_WARN_BLOCK_CAPTURE_AUTORELEASING = YES;
				CLANG_WARN_BOOL_CONVERSION = YES;
				CLANG_WARN_COMMA = YES;
				CLANG_WARN_CONSTANT_CONVERSION = YES;
				CLANG_WARN_DEPRECATED_OBJC_IMPLEMENTATIONS = YES;
				CLANG_WARN_DIRECT_OBJC_ISA_USAGE = YES_ERROR;
				CLANG_WARN_DOCUMENTATION_COMMENTS = YES;
				CLANG_WARN_EMPTY_BODY = YES;
				CLANG_WARN_ENUM_CONVERSION = YES;
				CLANG_WARN_INFINITE_RECURSION = YES;
				CLANG_WARN_INT_CONVERSION = YES;
				CLANG_WARN_NON_LITERAL_NULL_CONVERSION = YES;
				CLANG_WARN_OBJC_IMPLICIT_RETAIN_SELF = YES;
				CLANG_WARN_OBJC_LITERAL_CONVERSION = YES;
				CLANG_WARN_OBJC_ROOT_CLASS = YES_ERROR;
				CLANG_WARN_QUOTED_INCLUDE_IN_FRAMEWORK_HEADER = YES;
				CLANG_WARN_RANGE_LOOP_ANALYSIS = YES;
				CLANG_WARN_STRICT_PROTOTYPES = YES;
				CLANG_WARN_SUSPICIOUS_MOVE = YES;
				CLANG_WARN_UNGUARDED_AVAILABILITY = YES_AGGRESSIVE;
				CLANG_WARN_UNREACHABLE_CODE = YES;
				CLANG_WARN__DUPLICATE_METHOD_MATCH = YES;
				COPY_PHASE_STRIP = NO;
				DEBUG_INFORMATION_FORMAT = dwarf;
				ENABLE_STRICT_OBJC_MSGSEND = YES;
				ENABLE_TESTABILITY = YES;
				GCC_C_LANGUAGE_STANDARD = gnu11;
				GCC_DYNAMIC_NO_PIC = NO;
				GCC_NO_COMMON_BLOCKS = YES;
				GCC_OPTIMIZATION_LEVEL = 0;
				GCC_PREPROCESSOR_DEFINITIONS = (
					"DEBUG=1",
					"$(inherited)",
				);
				GCC_WARN_64_TO_32_BIT_CONVERSION = YES;
				GCC_WARN_ABOUT_RETURN_TYPE = YES_ERROR;
				GCC_WARN_UNDECLARED_SELECTOR = YES;
				GCC_WARN_UNINITIALIZED_AUTOS = YES_AGGRESSIVE;
				GCC_WARN_UNUSED_FUNCTION = YES;
				GCC_WARN_UNUSED_VARIABLE = YES;
				MACOSX_DEPLOYMENT_TARGET = 10.15;
				MTL_ENABLE_DEBUG_INFO = INCLUDE_SOURCE;
				MTL_FAST_MATH = YES;
				ONLY_ACTIVE_ARCH = YES;
				SDKROOT = macosx;
				SWIFT_ACTIVE_COMPILATION_CONDITIONS = DEBUG;
				SWIFT_OPTIMIZATION_LEVEL = "-Onone";
			};
			name = Debug;
		};
		65EDFB7C25E3CFC4006D10D5 /* Release */ = {
			isa = XCBuildConfiguration;
			buildSettings = {
				ALWAYS_SEARCH_USER_PATHS = NO;
				CLANG_ANALYZER_NONNULL = YES;
				CLANG_ANALYZER_NUMBER_OBJECT_CONVERSION = YES_AGGRESSIVE;
				CLANG_CXX_LANGUAGE_STANDARD = "gnu++14";
				CLANG_CXX_LIBRARY = "libc++";
				CLANG_ENABLE_MODULES = YES;
				CLANG_ENABLE_OBJC_ARC = YES;
				CLANG_ENABLE_OBJC_WEAK = YES;
				CLANG_WARN_BLOCK_CAPTURE_AUTORELEASING = YES;
				CLANG_WARN_BOOL_CONVERSION = YES;
				CLANG_WARN_COMMA = YES;
				CLANG_WARN_CONSTANT_CONVERSION = YES;
				CLANG_WARN_DEPRECATED_OBJC_IMPLEMENTATIONS = YES;
				CLANG_WARN_DIRECT_OBJC_ISA_USAGE = YES_ERROR;
				CLANG_WARN_DOCUMENTATION_COMMENTS = YES;
				CLANG_WARN_EMPTY_BODY = YES;
				CLANG_WARN_ENUM_CONVERSION = YES;
				CLANG_WARN_INFINITE_RECURSION = YES;
				CLANG_WARN_INT_CONVERSION = YES;
				CLANG_WARN_NON_LITERAL_NULL_CONVERSION = YES;
				CLANG_WARN_OBJC_IMPLICIT_RETAIN_SELF = YES;
				CLANG_WARN_OBJC_LITERAL_CONVERSION = YES;
				CLANG_WARN_OBJC_ROOT_CLASS = YES_ERROR;
				CLANG_WARN_QUOTED_INCLUDE_IN_FRAMEWORK_HEADER = YES;
				CLANG_WARN_RANGE_LOOP_ANALYSIS = YES;
				CLANG_WARN_STRICT_PROTOTYPES = YES;
				CLANG_WARN_SUSPICIOUS_MOVE = YES;
				CLANG_WARN_UNGUARDED_AVAILABILITY = YES_AGGRESSIVE;
				CLANG_WARN_UNREACHABLE_CODE = YES;
				CLANG_WARN__DUPLICATE_METHOD_MATCH = YES;
				COPY_PHASE_STRIP = NO;
				DEBUG_INFORMATION_FORMAT = "dwarf-with-dsym";
				ENABLE_NS_ASSERTIONS = NO;
				ENABLE_STRICT_OBJC_MSGSEND = YES;
				GCC_C_LANGUAGE_STANDARD = gnu11;
				GCC_NO_COMMON_BLOCKS = YES;
				GCC_WARN_64_TO_32_BIT_CONVERSION = YES;
				GCC_WARN_ABOUT_RETURN_TYPE = YES_ERROR;
				GCC_WARN_UNDECLARED_SELECTOR = YES;
				GCC_WARN_UNINITIALIZED_AUTOS = YES_AGGRESSIVE;
				GCC_WARN_UNUSED_FUNCTION = YES;
				GCC_WARN_UNUSED_VARIABLE = YES;
				MACOSX_DEPLOYMENT_TARGET = 10.15;
				MTL_ENABLE_DEBUG_INFO = NO;
				MTL_FAST_MATH = YES;
				SDKROOT = macosx;
				SWIFT_COMPILATION_MODE = wholemodule;
				SWIFT_OPTIMIZATION_LEVEL = "-O";
			};
			name = Release;
		};
		65EDFB7E25E3CFC4006D10D5 /* Debug */ = {
			isa = XCBuildConfiguration;
			buildSettings = {
				CODE_SIGN_IDENTITY = "-";
				CODE_SIGN_STYLE = Automatic;
				DEVELOPMENT_TEAM = VZVFUQTSQC;
				ENABLE_HARDENED_RUNTIME = YES;
				PRODUCT_NAME = "$(TARGET_NAME)";
				SWIFT_VERSION = 5.0;
			};
			name = Debug;
		};
		65EDFB7F25E3CFC4006D10D5 /* Release */ = {
			isa = XCBuildConfiguration;
			buildSettings = {
				CODE_SIGN_IDENTITY = "-";
				CODE_SIGN_STYLE = Automatic;
				DEVELOPMENT_TEAM = VZVFUQTSQC;
				ENABLE_HARDENED_RUNTIME = YES;
				PRODUCT_NAME = "$(TARGET_NAME)";
				SWIFT_VERSION = 5.0;
			};
			name = Release;
		};
/* End XCBuildConfiguration section */

/* Begin XCConfigurationList section */
		655643E625F2414700878AD9 /* Build configuration list for PBXNativeTarget "swiftApkSignerTest" */ = {
			isa = XCConfigurationList;
			buildConfigurations = (
				655643E725F2414700878AD9 /* Debug */,
				655643E825F2414700878AD9 /* Release */,
			);
			defaultConfigurationIsVisible = 0;
			defaultConfigurationName = Release;
		};
		65EDFB7125E3CFC4006D10D5 /* Build configuration list for PBXProject "swiftApkSigner" */ = {
			isa = XCConfigurationList;
			buildConfigurations = (
				65EDFB7B25E3CFC4006D10D5 /* Debug */,
				65EDFB7C25E3CFC4006D10D5 /* Release */,
			);
			defaultConfigurationIsVisible = 0;
			defaultConfigurationName = Release;
		};
		65EDFB7D25E3CFC4006D10D5 /* Build configuration list for PBXNativeTarget "swiftApkSigner" */ = {
			isa = XCConfigurationList;
			buildConfigurations = (
				65EDFB7E25E3CFC4006D10D5 /* Debug */,
				65EDFB7F25E3CFC4006D10D5 /* Release */,
			);
			defaultConfigurationIsVisible = 0;
			defaultConfigurationName = Release;
		};
/* End XCConfigurationList section */

/* Begin XCRemoteSwiftPackageReference section */
		65EDFB8525E3DDDC006D10D5 /* XCRemoteSwiftPackageReference "SwiftShell" */ = {
			isa = XCRemoteSwiftPackageReference;
			repositoryURL = "https://github.com/kareman/SwiftShell.git";
			requirement = {
				kind = upToNextMajorVersion;
				minimumVersion = 5.1.0;
			};
		};
/* End XCRemoteSwiftPackageReference section */

/* Begin XCSwiftPackageProductDependency section */
		65EDFB8625E3DDDC006D10D5 /* SwiftShell */ = {
			isa = XCSwiftPackageProductDependency;
			package = 65EDFB8525E3DDDC006D10D5 /* XCRemoteSwiftPackageReference "SwiftShell" */;
			productName = SwiftShell;
		};
		CB98FD0F2600FBAC00A9EE2E /* SwiftShell */ = {
			isa = XCSwiftPackageProductDependency;
			package = 65EDFB8525E3DDDC006D10D5 /* XCRemoteSwiftPackageReference "SwiftShell" */;
			productName = SwiftShell;
		};
		CB98FD142600FBCC00A9EE2E /* SwiftShell */ = {
			isa = XCSwiftPackageProductDependency;
			package = 65EDFB8525E3DDDC006D10D5 /* XCRemoteSwiftPackageReference "SwiftShell" */;
			productName = SwiftShell;
		};
/* End XCSwiftPackageProductDependency section */
	};
	rootObject = 65EDFB6E25E3CFC4006D10D5 /* Project object */;
}
